
Microsoft Visual Studio Solution File, Format Version 12.00
# Visual Studio 15
VisualStudioVersion = 15.0.26124.0
MinimumVisualStudioVersion = 15.0.26124.0
Project("{FAE04EC0-301F-11D3-BF4B-00C04F79EFBC}") = "Tutorial", "Tutorial\Tutorial.csproj", "{E9FAFD2C-36E7-44AB-9595-AFF73FCFC1DB}"
EndProject
Project("{FAE04EC0-301F-11D3-BF4B-00C04F79EFBC}") = "GtkDotNet", "GtkDotNet\GtkDotNet.csproj", "{480E5BFA-73A8-4DB5-9A67-EAD2019E09F4}"
EndProject
Project("{F2A71F9B-5D33-465A-A702-920D77279786}") = "TutorialFs", "TutorialFs\TutorialFs.fsproj", "{6DA28CEE-7F56-4002-A9A7-4503918376D4}"
EndProject
Project("{FAE04EC0-301F-11D3-BF4B-00C04F79EFBC}") = "ExampleApplication1", "ExampleApplication1\ExampleApplication1.csproj", "{92079B44-B520-45DA-8B60-EC030FCF4389}"
EndProject
Project("{FAE04EC0-301F-11D3-BF4B-00C04F79EFBC}") = "ExampleApplication2", "ExampleApplication2\ExampleApplication2.csproj", "{4145CF30-3773-412F-A187-0D48B00CF8E8}"
EndProject
Project("{FAE04EC0-301F-11D3-BF4B-00C04F79EFBC}") = "ExampleApplication3", "ExampleApplication3\ExampleApplication3.csproj", "{991917C6-64BE-4FAE-BF89-B572FD9A54D1}"
EndProject
Project("{FAE04EC0-301F-11D3-BF4B-00C04F79EFBC}") = "ExampleApplication4", "ExampleApplication4\ExampleApplication4.csproj", "{B22E8946-E603-4D80-9870-3DA91B9065BC}"
EndProject
Global
	GlobalSection(SolutionConfigurationPlatforms) = preSolution
		Debug|Any CPU = Debug|Any CPU
		Debug|x64 = Debug|x64
		Debug|x86 = Debug|x86
		Release|Any CPU = Release|Any CPU
		Release|x64 = Release|x64
		Release|x86 = Release|x86
	EndGlobalSection
	GlobalSection(SolutionProperties) = preSolution
		HideSolutionNode = FALSE
	EndGlobalSection
	GlobalSection(ProjectConfigurationPlatforms) = postSolution
		{E9FAFD2C-36E7-44AB-9595-AFF73FCFC1DB}.Debug|Any CPU.ActiveCfg = Debug|Any CPU
		{E9FAFD2C-36E7-44AB-9595-AFF73FCFC1DB}.Debug|Any CPU.Build.0 = Debug|Any CPU
		{E9FAFD2C-36E7-44AB-9595-AFF73FCFC1DB}.Debug|x64.ActiveCfg = Debug|Any CPU
		{E9FAFD2C-36E7-44AB-9595-AFF73FCFC1DB}.Debug|x64.Build.0 = Debug|Any CPU
		{E9FAFD2C-36E7-44AB-9595-AFF73FCFC1DB}.Debug|x86.ActiveCfg = Debug|Any CPU
		{E9FAFD2C-36E7-44AB-9595-AFF73FCFC1DB}.Debug|x86.Build.0 = Debug|Any CPU
		{E9FAFD2C-36E7-44AB-9595-AFF73FCFC1DB}.Release|Any CPU.ActiveCfg = Release|Any CPU
		{E9FAFD2C-36E7-44AB-9595-AFF73FCFC1DB}.Release|Any CPU.Build.0 = Release|Any CPU
		{E9FAFD2C-36E7-44AB-9595-AFF73FCFC1DB}.Release|x64.ActiveCfg = Release|Any CPU
		{E9FAFD2C-36E7-44AB-9595-AFF73FCFC1DB}.Release|x64.Build.0 = Release|Any CPU
		{E9FAFD2C-36E7-44AB-9595-AFF73FCFC1DB}.Release|x86.ActiveCfg = Release|Any CPU
		{E9FAFD2C-36E7-44AB-9595-AFF73FCFC1DB}.Release|x86.Build.0 = Release|Any CPU
		{480E5BFA-73A8-4DB5-9A67-EAD2019E09F4}.Debug|Any CPU.ActiveCfg = Debug|Any CPU
		{480E5BFA-73A8-4DB5-9A67-EAD2019E09F4}.Debug|Any CPU.Build.0 = Debug|Any CPU
		{480E5BFA-73A8-4DB5-9A67-EAD2019E09F4}.Debug|x64.ActiveCfg = Debug|Any CPU
		{480E5BFA-73A8-4DB5-9A67-EAD2019E09F4}.Debug|x64.Build.0 = Debug|Any CPU
		{480E5BFA-73A8-4DB5-9A67-EAD2019E09F4}.Debug|x86.ActiveCfg = Debug|Any CPU
		{480E5BFA-73A8-4DB5-9A67-EAD2019E09F4}.Debug|x86.Build.0 = Debug|Any CPU
		{480E5BFA-73A8-4DB5-9A67-EAD2019E09F4}.Release|Any CPU.ActiveCfg = Release|Any CPU
		{480E5BFA-73A8-4DB5-9A67-EAD2019E09F4}.Release|Any CPU.Build.0 = Release|Any CPU
		{480E5BFA-73A8-4DB5-9A67-EAD2019E09F4}.Release|x64.ActiveCfg = Release|Any CPU
		{480E5BFA-73A8-4DB5-9A67-EAD2019E09F4}.Release|x64.Build.0 = Release|Any CPU
		{480E5BFA-73A8-4DB5-9A67-EAD2019E09F4}.Release|x86.ActiveCfg = Release|Any CPU
		{480E5BFA-73A8-4DB5-9A67-EAD2019E09F4}.Release|x86.Build.0 = Release|Any CPU
		{6DA28CEE-7F56-4002-A9A7-4503918376D4}.Debug|Any CPU.ActiveCfg = Debug|Any CPU
		{6DA28CEE-7F56-4002-A9A7-4503918376D4}.Debug|Any CPU.Build.0 = Debug|Any CPU
		{6DA28CEE-7F56-4002-A9A7-4503918376D4}.Debug|x64.ActiveCfg = Debug|Any CPU
		{6DA28CEE-7F56-4002-A9A7-4503918376D4}.Debug|x64.Build.0 = Debug|Any CPU
		{6DA28CEE-7F56-4002-A9A7-4503918376D4}.Debug|x86.ActiveCfg = Debug|Any CPU
		{6DA28CEE-7F56-4002-A9A7-4503918376D4}.Debug|x86.Build.0 = Debug|Any CPU
		{6DA28CEE-7F56-4002-A9A7-4503918376D4}.Release|Any CPU.ActiveCfg = Release|Any CPU
		{6DA28CEE-7F56-4002-A9A7-4503918376D4}.Release|Any CPU.Build.0 = Release|Any CPU
		{6DA28CEE-7F56-4002-A9A7-4503918376D4}.Release|x64.ActiveCfg = Release|Any CPU
		{6DA28CEE-7F56-4002-A9A7-4503918376D4}.Release|x64.Build.0 = Release|Any CPU
		{6DA28CEE-7F56-4002-A9A7-4503918376D4}.Release|x86.ActiveCfg = Release|Any CPU
		{6DA28CEE-7F56-4002-A9A7-4503918376D4}.Release|x86.Build.0 = Release|Any CPU
		{92079B44-B520-45DA-8B60-EC030FCF4389}.Debug|Any CPU.ActiveCfg = Debug|Any CPU
		{92079B44-B520-45DA-8B60-EC030FCF4389}.Debug|Any CPU.Build.0 = Debug|Any CPU
		{92079B44-B520-45DA-8B60-EC030FCF4389}.Debug|x64.ActiveCfg = Debug|Any CPU
		{92079B44-B520-45DA-8B60-EC030FCF4389}.Debug|x64.Build.0 = Debug|Any CPU
		{92079B44-B520-45DA-8B60-EC030FCF4389}.Debug|x86.ActiveCfg = Debug|Any CPU
		{92079B44-B520-45DA-8B60-EC030FCF4389}.Debug|x86.Build.0 = Debug|Any CPU
		{92079B44-B520-45DA-8B60-EC030FCF4389}.Release|Any CPU.ActiveCfg = Release|Any CPU
		{92079B44-B520-45DA-8B60-EC030FCF4389}.Release|Any CPU.Build.0 = Release|Any CPU
		{92079B44-B520-45DA-8B60-EC030FCF4389}.Release|x64.ActiveCfg = Release|Any CPU
		{92079B44-B520-45DA-8B60-EC030FCF4389}.Release|x64.Build.0 = Release|Any CPU
		{92079B44-B520-45DA-8B60-EC030FCF4389}.Release|x86.ActiveCfg = Release|Any CPU
		{92079B44-B520-45DA-8B60-EC030FCF4389}.Release|x86.Build.0 = Release|Any CPU
		{4145CF30-3773-412F-A187-0D48B00CF8E8}.Debug|Any CPU.ActiveCfg = Debug|Any CPU
		{4145CF30-3773-412F-A187-0D48B00CF8E8}.Debug|Any CPU.Build.0 = Debug|Any CPU
		{4145CF30-3773-412F-A187-0D48B00CF8E8}.Debug|x64.ActiveCfg = Debug|Any CPU
		{4145CF30-3773-412F-A187-0D48B00CF8E8}.Debug|x64.Build.0 = Debug|Any CPU
		{4145CF30-3773-412F-A187-0D48B00CF8E8}.Debug|x86.ActiveCfg = Debug|Any CPU
		{4145CF30-3773-412F-A187-0D48B00CF8E8}.Debug|x86.Build.0 = Debug|Any CPU
		{4145CF30-3773-412F-A187-0D48B00CF8E8}.Release|Any CPU.ActiveCfg = Release|Any CPU
		{4145CF30-3773-412F-A187-0D48B00CF8E8}.Release|Any CPU.Build.0 = Release|Any CPU
		{4145CF30-3773-412F-A187-0D48B00CF8E8}.Release|x64.ActiveCfg = Release|Any CPU
		{4145CF30-3773-412F-A187-0D48B00CF8E8}.Release|x64.Build.0 = Release|Any CPU
		{4145CF30-3773-412F-A187-0D48B00CF8E8}.Release|x86.ActiveCfg = Release|Any CPU
		{4145CF30-3773-412F-A187-0D48B00CF8E8}.Release|x86.Build.0 = Release|Any CPU
		{991917C6-64BE-4FAE-BF89-B572FD9A54D1}.Debug|Any CPU.ActiveCfg = Debug|Any CPU
		{991917C6-64BE-4FAE-BF89-B572FD9A54D1}.Debug|Any CPU.Build.0 = Debug|Any CPU
		{991917C6-64BE-4FAE-BF89-B572FD9A54D1}.Debug|x64.ActiveCfg = Debug|Any CPU
		{991917C6-64BE-4FAE-BF89-B572FD9A54D1}.Debug|x64.Build.0 = Debug|Any CPU
		{991917C6-64BE-4FAE-BF89-B572FD9A54D1}.Debug|x86.ActiveCfg = Debug|Any CPU
		{991917C6-64BE-4FAE-BF89-B572FD9A54D1}.Debug|x86.Build.0 = Debug|Any CPU
		{991917C6-64BE-4FAE-BF89-B572FD9A54D1}.Release|Any CPU.ActiveCfg = Release|Any CPU
		{991917C6-64BE-4FAE-BF89-B572FD9A54D1}.Release|Any CPU.Build.0 = Release|Any CPU
		{991917C6-64BE-4FAE-BF89-B572FD9A54D1}.Release|x64.ActiveCfg = Release|Any CPU
		{991917C6-64BE-4FAE-BF89-B572FD9A54D1}.Release|x64.Build.0 = Release|Any CPU
		{991917C6-64BE-4FAE-BF89-B572FD9A54D1}.Release|x86.ActiveCfg = Release|Any CPU
		{991917C6-64BE-4FAE-BF89-B572FD9A54D1}.Release|x86.Build.0 = Release|Any CPU
		{B22E8946-E603-4D80-9870-3DA91B9065BC}.Debug|Any CPU.ActiveCfg = Debug|Any CPU
		{B22E8946-E603-4D80-9870-3DA91B9065BC}.Debug|Any CPU.Build.0 = Debug|Any CPU
		{B22E8946-E603-4D80-9870-3DA91B9065BC}.Debug|x64.ActiveCfg = Debug|Any CPU
		{B22E8946-E603-4D80-9870-3DA91B9065BC}.Debug|x64.Build.0 = Debug|Any CPU
		{B22E8946-E603-4D80-9870-3DA91B9065BC}.Debug|x86.ActiveCfg = Debug|Any CPU
		{B22E8946-E603-4D80-9870-3DA91B9065BC}.Debug|x86.Build.0 = Debug|Any CPU
		{B22E8946-E603-4D80-9870-3DA91B9065BC}.Release|Any CPU.ActiveCfg = Release|Any CPU
		{B22E8946-E603-4D80-9870-3DA91B9065BC}.Release|Any CPU.Build.0 = Release|Any CPU
		{B22E8946-E603-4D80-9870-3DA91B9065BC}.Release|x64.ActiveCfg = Release|Any CPU
		{B22E8946-E603-4D80-9870-3DA91B9065BC}.Release|x64.Build.0 = Release|Any CPU
		{B22E8946-E603-4D80-9870-3DA91B9065BC}.Release|x86.ActiveCfg = Release|Any CPU
		{B22E8946-E603-4D80-9870-3DA91B9065BC}.Release|x86.Build.0 = Release|Any CPU
	EndGlobalSection
EndGlobal
